
Microsoft Visual Studio Solution File, Format Version 12.00
# Visual Studio 15
VisualStudioVersion = 15.0.27428.2005
MinimumVisualStudioVersion = 10.0.40219.1
Project("{FAE04EC0-301F-11D3-BF4B-00C04F79EFBC}") = "TerminatorWebApi", "TerminatorWebApi\TerminatorWebApi.csproj", "{8CAA5AF3-5822-4108-88F8-43FB2D2B77D6}"
EndProject
Project("{FAE04EC0-301F-11D3-BF4B-00C04F79EFBC}") = "TerminatorWebApi.Tests", "TerminatorWebApi.Tests\TerminatorWebApi.Tests.csproj", "{DF22BBE3-28A9-4DAB-A45D-42A959A3EE3C}"
EndProject
Project("{FAE04EC0-301F-11D3-BF4B-00C04F79EFBC}") = "MachineInformationApp.Interfaces", "..\TerminatorApp\MachineInformationApp\MachineInformationApp.Interfaces\MachineInformationApp.Interfaces.csproj", "{3B37A81F-2679-47E0-890D-9DA4E4D4AC08}"
EndProject
Project("{FAE04EC0-301F-11D3-BF4B-00C04F79EFBC}") = "MachineInformationApp", "..\TerminatorApp\MachineInformationApp\MachineInformationApp\MachineInformationApp.csproj", "{1AE1435D-CE08-4CC1-874E-8D4466FB5590}"
EndProject
Global
	GlobalSection(SolutionConfigurationPlatforms) = preSolution
		Debug|Any CPU = Debug|Any CPU
		Release|Any CPU = Release|Any CPU
	EndGlobalSection
	GlobalSection(ProjectConfigurationPlatforms) = postSolution
		{8CAA5AF3-5822-4108-88F8-43FB2D2B77D6}.Debug|Any CPU.ActiveCfg = Debug|Any CPU
		{8CAA5AF3-5822-4108-88F8-43FB2D2B77D6}.Debug|Any CPU.Build.0 = Debug|Any CPU
		{8CAA5AF3-5822-4108-88F8-43FB2D2B77D6}.Release|Any CPU.ActiveCfg = Release|Any CPU
		{8CAA5AF3-5822-4108-88F8-43FB2D2B77D6}.Release|Any CPU.Build.0 = Release|Any CPU
		{DF22BBE3-28A9-4DAB-A45D-42A959A3EE3C}.Debug|Any CPU.ActiveCfg = Debug|Any CPU
		{DF22BBE3-28A9-4DAB-A45D-42A959A3EE3C}.Debug|Any CPU.Build.0 = Debug|Any CPU
		{DF22BBE3-28A9-4DAB-A45D-42A959A3EE3C}.Release|Any CPU.ActiveCfg = Release|Any CPU
		{DF22BBE3-28A9-4DAB-A45D-42A959A3EE3C}.Release|Any CPU.Build.0 = Release|Any CPU
		{3B37A81F-2679-47E0-890D-9DA4E4D4AC08}.Debug|Any CPU.ActiveCfg = Debug|Any CPU
		{3B37A81F-2679-47E0-890D-9DA4E4D4AC08}.Debug|Any CPU.Build.0 = Debug|Any CPU
		{3B37A81F-2679-47E0-890D-9DA4E4D4AC08}.Release|Any CPU.ActiveCfg = Release|Any CPU
		{3B37A81F-2679-47E0-890D-9DA4E4D4AC08}.Release|Any CPU.Build.0 = Release|Any CPU
		{1AE1435D-CE08-4CC1-874E-8D4466FB5590}.Debug|Any CPU.ActiveCfg = Debug|Any CPU
		{1AE1435D-CE08-4CC1-874E-8D4466FB5590}.Debug|Any CPU.Build.0 = Debug|Any CPU
		{1AE1435D-CE08-4CC1-874E-8D4466FB5590}.Release|Any CPU.ActiveCfg = Release|Any CPU
		{1AE1435D-CE08-4CC1-874E-8D4466FB5590}.Release|Any CPU.Build.0 = Release|Any CPU
	EndGlobalSection
	GlobalSection(SolutionProperties) = preSolution
		HideSolutionNode = FALSE
	EndGlobalSection
	GlobalSection(ExtensibilityGlobals) = postSolution
		SolutionGuid = {BFA37D7F-3CA9-4AFA-945B-B043BDFC8C38}
	EndGlobalSection
EndGlobal
